
Microsoft Visual Studio Solution File, Format Version 12.00
# Visual Studio Version 16
VisualStudioVersion = 16.0.30011.22
MinimumVisualStudioVersion = 10.0.40219.1
Project("{FAE04EC0-301F-11D3-BF4B-00C04F79EFBC}") = "TreadsAndAsync", "TreadsAndAsync\TreadsAndAsync.csproj", "{C73D2EC2-6E3D-4D43-AC47-6DCD15A8A56E}"
EndProject
Project("{FAE04EC0-301F-11D3-BF4B-00C04F79EFBC}") = "TPL", "TAP\TPL.csproj", "{BC4D7187-3C2D-4060-8586-C6B73565CBCD}"
EndProject
Global
	GlobalSection(SolutionConfigurationPlatforms) = preSolution
		Debug|Any CPU = Debug|Any CPU
		Release|Any CPU = Release|Any CPU
	EndGlobalSection
	GlobalSection(ProjectConfigurationPlatforms) = postSolution
		{C73D2EC2-6E3D-4D43-AC47-6DCD15A8A56E}.Debug|Any CPU.ActiveCfg = Debug|Any CPU
		{C73D2EC2-6E3D-4D43-AC47-6DCD15A8A56E}.Debug|Any CPU.Build.0 = Debug|Any CPU
		{C73D2EC2-6E3D-4D43-AC47-6DCD15A8A56E}.Release|Any CPU.ActiveCfg = Release|Any CPU
		{C73D2EC2-6E3D-4D43-AC47-6DCD15A8A56E}.Release|Any CPU.Build.0 = Release|Any CPU
		{BC4D7187-3C2D-4060-8586-C6B73565CBCD}.Debug|Any CPU.ActiveCfg = Debug|Any CPU
		{BC4D7187-3C2D-4060-8586-C6B73565CBCD}.Debug|Any CPU.Build.0 = Debug|Any CPU
		{BC4D7187-3C2D-4060-8586-C6B73565CBCD}.Release|Any CPU.ActiveCfg = Release|Any CPU
		{BC4D7187-3C2D-4060-8586-C6B73565CBCD}.Release|Any CPU.Build.0 = Release|Any CPU
	EndGlobalSection
	GlobalSection(SolutionProperties) = preSolution
		HideSolutionNode = FALSE
	EndGlobalSection
	GlobalSection(ExtensibilityGlobals) = postSolution
		SolutionGuid = {2AE98E5C-E8AB-4A08-B273-59E69D01CFF2}
	EndGlobalSection
EndGlobal
